<?xml version="1.0" encoding="utf-8"?>
<Project ToolsVersion="4.0" xmlns="http://schemas.microsoft.com/developer/msbuild/2003">
  <ItemGroup>
    <Filter Include="Assets">
      <UniqueIdentifier>0e84d7db-15da-4667-9150-04532023fd45</UniqueIdentifier>
    </Filter>
  </ItemGroup>
  <ItemGroup>
    <ApplicationDefinition Include="App.xaml" />
  </ItemGroup>
  <ItemGroup>
    <ClCompile Include="App.xaml.cpp" />
    <ClCompile Include="MainPage.xaml.cpp" />
    <ClCompile Include="pch.cpp" />
    <ClCompile Include="FrameWork\Cameras\cpp\BaseCamera.cpp" />
    <ClCompile Include="FrameWork\Cameras\cpp\ChaseCamera.cpp" />
    <ClCompile Include="FrameWork\Cameras\cpp\FirstCamera.cpp" />
    <ClCompile Include="FrameWork\cpp\Game.cpp" />
    <ClCompile Include="FrameWork\Input\Comps\cpp\GamePadState.cpp" />
    <ClCompile Include="FrameWork\Input\Comps\cpp\KeyboardState.cpp" />
    <ClCompile Include="FrameWork\Input\Comps\cpp\PointerState.cpp" />
    <ClCompile Include="FrameWork\Input\cpp\InputManager.cpp" />
    <ClCompile Include="FrameWork\Media\cpp\MediaEngine.cpp" />
    <ClCompile Include="FrameWork\Media\cpp\XSound.cpp" />
    <ClCompile Include="FrameWork\System\Comps\cpp\CPU.cpp" />
    <ClCompile Include="FrameWork\System\Comps\cpp\FPS.cpp" />
    <ClCompile Include="FrameWork\System\cpp\Debugger.cpp" />
    <ClCompile Include="Graphics\cpp\Billboard.cpp" />
    <ClCompile Include="Graphics\cpp\DDSTextureLoader.cpp" />
    <ClCompile Include="Graphics\cpp\Manager.cpp" />
    <ClCompile Include="Graphics\cpp\Model.cpp" />
    <ClCompile Include="Graphics\cpp\Shader.cpp" />
    <ClCompile Include="Graphics\cpp\SpriteBatch.cpp" />
    <ClCompile Include="Graphics\cpp\Texture.cpp" />
    <ClCompile Include="Graphics\GeometricObjects\cpp\SquareObj.cpp" />
    <ClCompile Include="Graphics\GeometricObjects\cpp\TriangleObj.cpp" />
    <ClCompile Include="Scenes\cpp\SimpleScene.cpp" />
  </ItemGroup>
  <ItemGroup>
    <ClInclude Include="pch.h" />
    <ClInclude Include="App.xaml.h" />
    <ClInclude Include="MainPage.xaml.h" />
    <ClInclude Include="FrameWork\Cameras\BaseCamera.h" />
    <ClInclude Include="FrameWork\Cameras\ChaseCamera.h" />
    <ClInclude Include="FrameWork\Cameras\FirstCamera.h" />
    <ClInclude Include="FrameWork\Input\Comps\GamePadState.h" />
    <ClInclude Include="FrameWork\Input\Comps\KeyboardState.h" />
    <ClInclude Include="FrameWork\Input\Comps\PointerState.h" />
    <ClInclude Include="FrameWork\Input\InputManager.h" />
    <ClInclude Include="FrameWork\Media\MediaEngine.h" />
    <ClInclude Include="FrameWork\Media\XSound.h" />
    <ClInclude Include="FrameWork\System\Comps\CPU.h" />
    <ClInclude Include="FrameWork\System\Comps\FPS.h" />
    <ClInclude Include="FrameWork\System\Debugger.h" />
    <ClInclude Include="FrameWork\DXHelper.h" />
    <ClInclude Include="FrameWork\Game.h" />
    <ClInclude Include="FrameWork\Timer.h" />
    <ClInclude Include="Graphics\GeometricObjects\CurveObj.h" />
    <ClInclude Include="Graphics\GeometricObjects\SquareObj.h" />
    <ClInclude Include="Graphics\GeometricObjects\TriangleObj.h" />
    <ClInclude Include="Graphics\Billboard.h" />
    <ClInclude Include="Graphics\DDSTextureLoader.h" />
    <ClInclude Include="Graphics\Manager.h" />
    <ClInclude Include="Graphics\Model.h" />
    <ClInclude Include="Graphics\Shader.h" />
    <ClInclude Include="Graphics\SpriteBatch.h" />
    <ClInclude Include="Graphics\Texture.h" />
    <ClInclude Include="Scenes\SimpleScene.h" />
  </ItemGroup>
  <ItemGroup>
    <AppxManifest Include="Package.appxmanifest" />
  </ItemGroup>
  <ItemGroup>
    <None Include="Assets\Shaders\Shared.hlsli" />
    <None Include="Assets\Textures\Billboard.dds" />
    <None Include="Assets\Textures\default_normal.dds" />
    <None Include="Assets\Textures\default_spec.dds" />
    <None Include="Assets\Textures\FireBase.dds" />
    <None Include="Assets\Textures\FireDistortion.dds" />
    <None Include="Assets\Textures\FireOpacity.dds" />
    <None Include="Assets\Textures\saucer_normal.dds" />
    <None Include="Assets\Textures\saucer_spec.dds" />
    <None Include="Assets\Shaders\Default\Default.hlsli" />
    <None Include="Assets\Sounds\Bing.wav" />
    <None Include="C++AMP Collision Detection_TemporaryKey.pfx" />
  </ItemGroup>
  <ItemGroup>
    <Page Include="MainPage.xaml" />
  </ItemGroup>
  <ItemGroup>
    <Image Include="Assets\Logos\Logo.png" />
    <Image Include="Assets\Logos\SmallLogo.png" />
    <Image Include="Assets\Logos\SplashScreen.png" />
    <Image Include="Assets\Logos\StoreLogo.png" />
  </ItemGroup>
  <ItemGroup>
    <FxCompile Include="Assets\Shaders\Default\DefaultPixelShader.hlsl" />
    <FxCompile Include="Assets\Shaders\Default\DefaultVertexShader.hlsl" />
  </ItemGroup>
  <ItemGroup>
    <MeshContentTask Include="Assets\Models\saucer.dae" />
  </ItemGroup>
</Project>