
Microsoft Visual Studio Solution File, Format Version 11.00
# Visual Studio 2010
Project("{8BC9CEB8-8B4A-11D0-8D11-00A0C91BC942}") = "imgblur_grid", "imgblur_grid.vcxproj", "{519A5AC9-B6FD-4C1B-92DA-0DDA7AE6324E}"
EndProject
Global
	GlobalSection(SolutionConfigurationPlatforms) = preSolution
		Debug|Win32 = Debug|Win32
		Release|Win32 = Release|Win32
	EndGlobalSection
	GlobalSection(ProjectConfigurationPlatforms) = postSolution
		{519A5AC9-B6FD-4C1B-92DA-0DDA7AE6324E}.Debug|Win32.ActiveCfg = Debug|Win32
		{519A5AC9-B6FD-4C1B-92DA-0DDA7AE6324E}.Debug|Win32.Build.0 = Debug|Win32
		{519A5AC9-B6FD-4C1B-92DA-0DDA7AE6324E}.Release|Win32.ActiveCfg = Release|Win32
		{519A5AC9-B6FD-4C1B-92DA-0DDA7AE6324E}.Release|Win32.Build.0 = Release|Win32
	EndGlobalSection
	GlobalSection(SolutionProperties) = preSolution
		HideSolutionNode = FALSE
	EndGlobalSection
EndGlobal
