
Microsoft Visual Studio Solution File, Format Version 12.00
# Visual Studio 2013
VisualStudioVersion = 12.0.21005.1
MinimumVisualStudioVersion = 10.0.40219.1
Project("{2150E333-8FDC-42A3-9474-1A3956D46DE8}") = "Solution Items", "Solution Items", "{78D4E5AC-D404-4FC0-87F2-A153E1808C5A}"
EndProject
Project("{8BC9CEB8-8B4A-11D0-8D11-00A0C91BC942}") = "amp_algorithms", "AMP_APIS\ampalgorithms\vs120\amp_algorithms.vcxproj", "{3D74703F-3A58-A860-884D-7B64204109BA}"
EndProject
Project("{8BC9CEB8-8B4A-11D0-8D11-00A0C91BC942}") = "amp_stl_algorithms", "AMP_APIS\ampalgorithms\vs120\amp_stl_algorithms.vcxproj", "{B1F30CF1-0A13-545A-75F2-7CCF8BA1A18F}"
EndProject
Project("{8BC9CEB8-8B4A-11D0-8D11-00A0C91BC942}") = "ampblas", "AMP_APIS\ampblas\ampblas\ampblas.vcxproj", "{F5BD7078-110B-D139-38FD-72E7C55B3432}"
EndProject
Project("{2150E333-8FDC-42A3-9474-1A3956D46DE8}") = "algoritms", "algoritms", "{27E9BCF1-3A02-4C49-8CDE-BBDCDE864591}"
EndProject
Project("{2150E333-8FDC-42A3-9474-1A3956D46DE8}") = "ampblas", "ampblas", "{D4072CAF-AB2D-41F9-805D-2A7E426C52FE}"
EndProject
Project("{8BC9CEB8-8B4A-11D0-8D11-00A0C91BC942}") = "amp_fft", "AMP_APIS\ampfft\amp_fft.vcxproj", "{1B5FE438-7962-85EB-10EF-8800FA60D427}"
EndProject
Project("{8BC9CEB8-8B4A-11D0-8D11-00A0C91BC942}") = "amplapack", "AMP_APIS\amplapack\amplapack\amplapack.vcxproj", "{66E16ACA-0207-4F0F-A930-FB7320056D0F}"
EndProject
Project("{8BC9CEB8-8B4A-11D0-8D11-00A0C91BC942}") = "RngTest", "AMP_APIS\amprng\test\RngTest.vcxproj", "{5EB302D0-1F62-4333-8767-2E71EBA31499}"
EndProject
Project("{8BC9CEB8-8B4A-11D0-8D11-00A0C91BC942}") = "amp_test_lib", "AMP_APIS\C++ AMP Conformance Test Suite\amp_test_lib\amp_test_lib.vcxproj", "{18850A79-6123-4359-9118-328BB81BFA2F}"
EndProject
Project("{2150E333-8FDC-42A3-9474-1A3956D46DE8}") = "ampfft", "ampfft", "{A00702BD-BF6F-49F0-B5A6-83E6457F6C72}"
EndProject
Project("{2150E333-8FDC-42A3-9474-1A3956D46DE8}") = "amptestlib", "amptestlib", "{BCE358B9-FFF4-4712-A965-D6C2640AE3B0}"
EndProject
Project("{2150E333-8FDC-42A3-9474-1A3956D46DE8}") = "amplapack", "amplapack", "{F6726075-C403-4D38-94AC-70E15E2D5989}"
EndProject
Project("{2150E333-8FDC-42A3-9474-1A3956D46DE8}") = "amprng", "amprng", "{78A88586-2E47-4DBE-8373-2D23C9A55281}"
EndProject
Project("{2150E333-8FDC-42A3-9474-1A3956D46DE8}") = "Demos", "Demos", "{23EB12F1-B9E3-4541-A593-718DB9AE0521}"
EndProject
Project("{8BC9CEB8-8B4A-11D0-8D11-00A0C91BC942}") = "CppAMPMarkersSample", "Demos\CppAMPMarkersSample\CppAMPMarkersSample.vcxproj", "{C64AEF8D-1E12-4809-B5D3-E452CD264CED}"
EndProject
Project("{8BC9CEB8-8B4A-11D0-8D11-00A0C91BC942}") = "CppAMPPassingPointers", "Demos\CppAMPPassingPointers\CppAMPPassingPointers.vcxproj", "{703B01AB-EA51-41EA-9964-815B857B4848}"
EndProject
Project("{8BC9CEB8-8B4A-11D0-8D11-00A0C91BC942}") = "DXInterOp", "Demos\DxInterOp\DXInterOp.vcxproj", "{122A8C26-6DB8-4B7D-9CCD-55EBB7BFF596}"
EndProject
Project("{8BC9CEB8-8B4A-11D0-8D11-00A0C91BC942}") = "FluidCS11", "Demos\FluidSimulation\FluidCS11_2012.vcxproj", "{F6CC679F-A864-4304-A3A0-6402C51133BB}"
EndProject
Project("{8BC9CEB8-8B4A-11D0-8D11-00A0C91BC942}") = "LargeMatrixMultiplication", "Demos\LargeMatrixMultiplication\LargeMatrixMultiplication.vcxproj", "{D81BE062-A790-4C13-960A-1F0F0895B704}"
EndProject
Project("{8BC9CEB8-8B4A-11D0-8D11-00A0C91BC942}") = "MatrixMultiplication", "Demos\MatrixMultiplication\MatrixMultiplication.vcxproj", "{27D79F75-61C9-405C-BC32-17E364084C5C}"
EndProject
Project("{8BC9CEB8-8B4A-11D0-8D11-00A0C91BC942}") = "NBodyGravityCS11", "Demos\NBody\NBodyDX.vcxproj", "{512AAFBE-228B-4D5B-979A-AAB992D05B7B}"
EndProject
Project("{8BC9CEB8-8B4A-11D0-8D11-00A0C91BC942}") = "OceanCS", "Demos\OceanCS\OceanCS.vcxproj", "{D3D11109-96D0-4629-88B8-122C0256058C}"
EndProject
Project("{2150E333-8FDC-42A3-9474-1A3956D46DE8}") = "ampBookCaseStudies", "ampBookCaseStudies", "{A4223380-F27E-44C3-900F-1A57453B4A78}"
EndProject
Project("{8BC9CEB8-8B4A-11D0-8D11-00A0C91BC942}") = "Cartoonizer_VS13", "CaseStudies\Cartoonizer\Cartoonizer_VS13.vcxproj", "{E41D2707-477A-4A1F-8D3E-65513F8B152E}"
EndProject
Project("{8BC9CEB8-8B4A-11D0-8D11-00A0C91BC942}") = "NBodyGravityAMP", "CaseStudies\NBody\NBodyAmp_VS13.vcxproj", "{39C69CEF-DC65-458C-840D-70EEB0D9DA61}"
EndProject
Project("{8BC9CEB8-8B4A-11D0-8D11-00A0C91BC942}") = "Reduction_VS13", "CaseStudies\Reduction\Reduction_VS13.vcxproj", "{B3610A5C-240C-4130-AE3B-F799F7CC5138}"
EndProject
Project("{8BC9CEB8-8B4A-11D0-8D11-00A0C91BC942}") = "generic_kernels", "AMP_APIS\C++ AMP generic kernels\generic_kernels\generic_kernels.vcxproj", "{784B6933-144E-4EC1-A964-1166586E17E3}"
EndProject
Project("{2150E333-8FDC-42A3-9474-1A3956D46DE8}") = "AMP_APIS", "AMP_APIS", "{459AECA1-B9EF-464B-BA73-E1C86E630607}"
EndProject
Project("{2150E333-8FDC-42A3-9474-1A3956D46DE8}") = "ampkernels", "ampkernels", "{4653CDA1-AFC1-48AF-889F-B8FDBB7523EF}"
EndProject
Project("{2150E333-8FDC-42A3-9474-1A3956D46DE8}") = "DX11GameProgramming", "DX11GameProgramming", "{8957A2B1-B671-4AF8-91E0-C748CCA94D90}"
EndProject
Project("{8BC9CEB8-8B4A-11D0-8D11-00A0C91BC942}") = "C++AMP Collision Detection", "DirectX11_GameProgramming\C%2b%2bAMP Collision Detection (WinRT)\C++\C++AMP Collision Detection\C++AMP Collision Detection.vcxproj", "{A341D953-A88A-4CEE-9CE8-4F2CFE8725E2}"
EndProject
Project("{8BC9CEB8-8B4A-11D0-8D11-00A0C91BC942}") = "Chapter5", "DirectX11_GameProgramming\Chapter5\Chapter5.vcxproj", "{79E4EFE0-3417-4CCA-BF51-C29A651B432A}"
EndProject
Project("{8BC9CEB8-8B4A-11D0-8D11-00A0C91BC942}") = "MultiThreaded", "DirectX11_GameProgramming\Multi-Threaded Rendering (WinRT)\C++\MultiThreaded\MultiThreaded.vcxproj", "{9624027E-A0AC-4476-AD38-1E741C23210A}"
EndProject
Project("{8BC9CEB8-8B4A-11D0-8D11-00A0C91BC942}") = "generic_kernels_test", "AMP_APIS\C++ AMP generic kernels\generic_kernels_test\generic_kernels_test.vcxproj", "{E3FD9116-8B1A-496E-8416-B08587B70490}"
EndProject
Project("{2150E333-8FDC-42A3-9474-1A3956D46DE8}") = "ampprimes", "ampprimes", "{206FEF8D-A51E-4661-929A-49253DFD5FFF}"
EndProject
Project("{8BC9CEB8-8B4A-11D0-8D11-00A0C91BC942}") = "Primes", "AMP_APIS\AMP_Primes\Primes.vcxproj", "{AB5D8516-8DD7-410C-9B07-324293F1232D}"
EndProject
Project("{2150E333-8FDC-42A3-9474-1A3956D46DE8}") = "piamp", "piamp", "{DA56A47D-90B1-4C3D-8B91-039C41A7A0AB}"
EndProject
Project("{8BC9CEB8-8B4A-11D0-8D11-00A0C91BC942}") = "PiAMP", "AMP_APIS\PIAmp\PiAMP\PiAMP.vcxproj", "{A3F95D0E-8DCA-44D4-884F-95AB2EF3BFC0}"
EndProject
Project("{2150E333-8FDC-42A3-9474-1A3956D46DE8}") = "StefanoTommesani", "StefanoTommesani", "{887D672E-6E8C-4B2B-8531-B1B160538CDD}"
EndProject
Project("{8BC9CEB8-8B4A-11D0-8D11-00A0C91BC942}") = "TBBDemo", "StefanoTommesani\TBBDemo\TBBDemo\TBBDemo.vcxproj", "{21118B05-66BF-422A-A492-70913E756300}"
EndProject
Project("{2150E333-8FDC-42A3-9474-1A3956D46DE8}") = "pplpp", "pplpp", "{D41EFF73-7612-46C1-941D-3D82C888EC18}"
EndProject
Project("{8BC9CEB8-8B4A-11D0-8D11-00A0C91BC942}") = "Blinks", "AMP_APIS\pplpp\samples\Blinks\Blinks.vcxproj", "{511E582C-5B10-436F-8B77-FEAECD5D0F91}"
EndProject
Project("{8BC9CEB8-8B4A-11D0-8D11-00A0C91BC942}") = "pplppTest", "AMP_APIS\pplpp\tests\vs12\pplppTest.vcxproj", "{FCB49517-D33C-465E-91D7-C1E146E091C5}"
EndProject
Project("{2150E333-8FDC-42A3-9474-1A3956D46DE8}") = "WinRT", "WinRT", "{CA3E2F39-699D-4294-A6DE-D7ADB9DDA18A}"
EndProject
Project("{8BC9CEB8-8B4A-11D0-8D11-00A0C91BC942}") = "pplppTest", "AMP_APIS\pplpp\tests\vs12.winrt\pplppTest.vcxproj", "{0AF209CF-24D2-4E23-9BFA-1CD48BE7B4BD}"
EndProject
Project("{2150E333-8FDC-42A3-9474-1A3956D46DE8}") = "mcw_samples", "mcw_samples", "{BE4A9498-2C80-4105-9738-F4E706E49603}"
EndProject
Project("{8BC9CEB8-8B4A-11D0-8D11-00A0C91BC942}") = "transpose", "Demos\transpose\transpose.vcxproj", "{62BDC878-302D-4F89-87BC-2F8C7A105BC9}"
EndProject
Global
	GlobalSection(SolutionConfigurationPlatforms) = preSolution
		Debug|ARM = Debug|ARM
		Debug|Win32 = Debug|Win32
		Debug|x64 = Debug|x64
		Profile|ARM = Profile|ARM
		Profile|Win32 = Profile|Win32
		Profile|x64 = Profile|x64
		Release|ARM = Release|ARM
		Release|Win32 = Release|Win32
		Release|x64 = Release|x64
	EndGlobalSection
	GlobalSection(ProjectConfigurationPlatforms) = postSolution
		{3D74703F-3A58-A860-884D-7B64204109BA}.Debug|ARM.ActiveCfg = Debug|Win32
		{3D74703F-3A58-A860-884D-7B64204109BA}.Debug|Win32.ActiveCfg = Debug|Win32
		{3D74703F-3A58-A860-884D-7B64204109BA}.Debug|Win32.Build.0 = Debug|Win32
		{3D74703F-3A58-A860-884D-7B64204109BA}.Debug|x64.ActiveCfg = Debug|x64
		{3D74703F-3A58-A860-884D-7B64204109BA}.Debug|x64.Build.0 = Debug|x64
		{3D74703F-3A58-A860-884D-7B64204109BA}.Profile|ARM.ActiveCfg = Release|Win32
		{3D74703F-3A58-A860-884D-7B64204109BA}.Profile|Win32.ActiveCfg = Release|Win32
		{3D74703F-3A58-A860-884D-7B64204109BA}.Profile|Win32.Build.0 = Release|Win32
		{3D74703F-3A58-A860-884D-7B64204109BA}.Profile|x64.ActiveCfg = Release|x64
		{3D74703F-3A58-A860-884D-7B64204109BA}.Profile|x64.Build.0 = Release|x64
		{3D74703F-3A58-A860-884D-7B64204109BA}.Release|ARM.ActiveCfg = Release|Win32
		{3D74703F-3A58-A860-884D-7B64204109BA}.Release|Win32.ActiveCfg = Release|Win32
		{3D74703F-3A58-A860-884D-7B64204109BA}.Release|Win32.Build.0 = Release|Win32
		{3D74703F-3A58-A860-884D-7B64204109BA}.Release|x64.ActiveCfg = Release|x64
		{3D74703F-3A58-A860-884D-7B64204109BA}.Release|x64.Build.0 = Release|x64
		{B1F30CF1-0A13-545A-75F2-7CCF8BA1A18F}.Debug|ARM.ActiveCfg = Debug|Win32
		{B1F30CF1-0A13-545A-75F2-7CCF8BA1A18F}.Debug|Win32.ActiveCfg = Debug|Win32
		{B1F30CF1-0A13-545A-75F2-7CCF8BA1A18F}.Debug|Win32.Build.0 = Debug|Win32
		{B1F30CF1-0A13-545A-75F2-7CCF8BA1A18F}.Debug|x64.ActiveCfg = Debug|x64
		{B1F30CF1-0A13-545A-75F2-7CCF8BA1A18F}.Debug|x64.Build.0 = Debug|x64
		{B1F30CF1-0A13-545A-75F2-7CCF8BA1A18F}.Profile|ARM.ActiveCfg = Release|Win32
		{B1F30CF1-0A13-545A-75F2-7CCF8BA1A18F}.Profile|Win32.ActiveCfg = Release|Win32
		{B1F30CF1-0A13-545A-75F2-7CCF8BA1A18F}.Profile|Win32.Build.0 = Release|Win32
		{B1F30CF1-0A13-545A-75F2-7CCF8BA1A18F}.Profile|x64.ActiveCfg = Release|x64
		{B1F30CF1-0A13-545A-75F2-7CCF8BA1A18F}.Profile|x64.Build.0 = Release|x64
		{B1F30CF1-0A13-545A-75F2-7CCF8BA1A18F}.Release|ARM.ActiveCfg = Release|Win32
		{B1F30CF1-0A13-545A-75F2-7CCF8BA1A18F}.Release|Win32.ActiveCfg = Release|Win32
		{B1F30CF1-0A13-545A-75F2-7CCF8BA1A18F}.Release|Win32.Build.0 = Release|Win32
		{B1F30CF1-0A13-545A-75F2-7CCF8BA1A18F}.Release|x64.ActiveCfg = Release|x64
		{B1F30CF1-0A13-545A-75F2-7CCF8BA1A18F}.Release|x64.Build.0 = Release|x64
		{F5BD7078-110B-D139-38FD-72E7C55B3432}.Debug|ARM.ActiveCfg = Debug|Win32
		{F5BD7078-110B-D139-38FD-72E7C55B3432}.Debug|Win32.ActiveCfg = Debug|Win32
		{F5BD7078-110B-D139-38FD-72E7C55B3432}.Debug|Win32.Build.0 = Debug|Win32
		{F5BD7078-110B-D139-38FD-72E7C55B3432}.Debug|x64.ActiveCfg = Debug|x64
		{F5BD7078-110B-D139-38FD-72E7C55B3432}.Debug|x64.Build.0 = Debug|x64
		{F5BD7078-110B-D139-38FD-72E7C55B3432}.Profile|ARM.ActiveCfg = Release|Win32
		{F5BD7078-110B-D139-38FD-72E7C55B3432}.Profile|Win32.ActiveCfg = Release|Win32
		{F5BD7078-110B-D139-38FD-72E7C55B3432}.Profile|Win32.Build.0 = Release|Win32
		{F5BD7078-110B-D139-38FD-72E7C55B3432}.Profile|x64.ActiveCfg = Release|x64
		{F5BD7078-110B-D139-38FD-72E7C55B3432}.Profile|x64.Build.0 = Release|x64
		{F5BD7078-110B-D139-38FD-72E7C55B3432}.Release|ARM.ActiveCfg = Release|Win32
		{F5BD7078-110B-D139-38FD-72E7C55B3432}.Release|Win32.ActiveCfg = Release|Win32
		{F5BD7078-110B-D139-38FD-72E7C55B3432}.Release|Win32.Build.0 = Release|Win32
		{F5BD7078-110B-D139-38FD-72E7C55B3432}.Release|x64.ActiveCfg = Release|x64
		{F5BD7078-110B-D139-38FD-72E7C55B3432}.Release|x64.Build.0 = Release|x64
		{1B5FE438-7962-85EB-10EF-8800FA60D427}.Debug|ARM.ActiveCfg = Debug|Win32
		{1B5FE438-7962-85EB-10EF-8800FA60D427}.Debug|Win32.ActiveCfg = Debug|Win32
		{1B5FE438-7962-85EB-10EF-8800FA60D427}.Debug|Win32.Build.0 = Debug|Win32
		{1B5FE438-7962-85EB-10EF-8800FA60D427}.Debug|x64.ActiveCfg = Debug|x64
		{1B5FE438-7962-85EB-10EF-8800FA60D427}.Debug|x64.Build.0 = Debug|x64
		{1B5FE438-7962-85EB-10EF-8800FA60D427}.Profile|ARM.ActiveCfg = Release|Win32
		{1B5FE438-7962-85EB-10EF-8800FA60D427}.Profile|Win32.ActiveCfg = Release|Win32
		{1B5FE438-7962-85EB-10EF-8800FA60D427}.Profile|Win32.Build.0 = Release|Win32
		{1B5FE438-7962-85EB-10EF-8800FA60D427}.Profile|x64.ActiveCfg = Release|x64
		{1B5FE438-7962-85EB-10EF-8800FA60D427}.Profile|x64.Build.0 = Release|x64
		{1B5FE438-7962-85EB-10EF-8800FA60D427}.Release|ARM.ActiveCfg = Release|Win32
		{1B5FE438-7962-85EB-10EF-8800FA60D427}.Release|Win32.ActiveCfg = Release|Win32
		{1B5FE438-7962-85EB-10EF-8800FA60D427}.Release|Win32.Build.0 = Release|Win32
		{1B5FE438-7962-85EB-10EF-8800FA60D427}.Release|x64.ActiveCfg = Release|x64
		{1B5FE438-7962-85EB-10EF-8800FA60D427}.Release|x64.Build.0 = Release|x64
		{66E16ACA-0207-4F0F-A930-FB7320056D0F}.Debug|ARM.ActiveCfg = Debug|Win32
		{66E16ACA-0207-4F0F-A930-FB7320056D0F}.Debug|Win32.ActiveCfg = Debug|Win32
		{66E16ACA-0207-4F0F-A930-FB7320056D0F}.Debug|Win32.Build.0 = Debug|Win32
		{66E16ACA-0207-4F0F-A930-FB7320056D0F}.Debug|x64.ActiveCfg = Debug|x64
		{66E16ACA-0207-4F0F-A930-FB7320056D0F}.Debug|x64.Build.0 = Debug|x64
		{66E16ACA-0207-4F0F-A930-FB7320056D0F}.Profile|ARM.ActiveCfg = Release|Win32
		{66E16ACA-0207-4F0F-A930-FB7320056D0F}.Profile|Win32.ActiveCfg = Release|Win32
		{66E16ACA-0207-4F0F-A930-FB7320056D0F}.Profile|Win32.Build.0 = Release|Win32
		{66E16ACA-0207-4F0F-A930-FB7320056D0F}.Profile|x64.ActiveCfg = Release|x64
		{66E16ACA-0207-4F0F-A930-FB7320056D0F}.Profile|x64.Build.0 = Release|x64
		{66E16ACA-0207-4F0F-A930-FB7320056D0F}.Release|ARM.ActiveCfg = Release|Win32
		{66E16ACA-0207-4F0F-A930-FB7320056D0F}.Release|Win32.ActiveCfg = Release|Win32
		{66E16ACA-0207-4F0F-A930-FB7320056D0F}.Release|Win32.Build.0 = Release|Win32
		{66E16ACA-0207-4F0F-A930-FB7320056D0F}.Release|x64.ActiveCfg = Release|x64
		{66E16ACA-0207-4F0F-A930-FB7320056D0F}.Release|x64.Build.0 = Release|x64
		{5EB302D0-1F62-4333-8767-2E71EBA31499}.Debug|ARM.ActiveCfg = Debug|Win32
		{5EB302D0-1F62-4333-8767-2E71EBA31499}.Debug|Win32.ActiveCfg = Debug|Win32
		{5EB302D0-1F62-4333-8767-2E71EBA31499}.Debug|Win32.Build.0 = Debug|Win32
		{5EB302D0-1F62-4333-8767-2E71EBA31499}.Debug|x64.ActiveCfg = Debug|Win32
		{5EB302D0-1F62-4333-8767-2E71EBA31499}.Profile|ARM.ActiveCfg = Release|Win32
		{5EB302D0-1F62-4333-8767-2E71EBA31499}.Profile|Win32.ActiveCfg = Release|Win32
		{5EB302D0-1F62-4333-8767-2E71EBA31499}.Profile|Win32.Build.0 = Release|Win32
		{5EB302D0-1F62-4333-8767-2E71EBA31499}.Profile|x64.ActiveCfg = Release|Win32
		{5EB302D0-1F62-4333-8767-2E71EBA31499}.Release|ARM.ActiveCfg = Release|Win32
		{5EB302D0-1F62-4333-8767-2E71EBA31499}.Release|Win32.ActiveCfg = Release|Win32
		{5EB302D0-1F62-4333-8767-2E71EBA31499}.Release|Win32.Build.0 = Release|Win32
		{5EB302D0-1F62-4333-8767-2E71EBA31499}.Release|x64.ActiveCfg = Release|Win32
		{18850A79-6123-4359-9118-328BB81BFA2F}.Debug|ARM.ActiveCfg = Debug|Win32
		{18850A79-6123-4359-9118-328BB81BFA2F}.Debug|Win32.ActiveCfg = Debug|Win32
		{18850A79-6123-4359-9118-328BB81BFA2F}.Debug|Win32.Build.0 = Debug|Win32
		{18850A79-6123-4359-9118-328BB81BFA2F}.Debug|x64.ActiveCfg = Debug|Win32
		{18850A79-6123-4359-9118-328BB81BFA2F}.Profile|ARM.ActiveCfg = Release|Win32
		{18850A79-6123-4359-9118-328BB81BFA2F}.Profile|Win32.ActiveCfg = Release|Win32
		{18850A79-6123-4359-9118-328BB81BFA2F}.Profile|Win32.Build.0 = Release|Win32
		{18850A79-6123-4359-9118-328BB81BFA2F}.Profile|x64.ActiveCfg = Release|Win32
		{18850A79-6123-4359-9118-328BB81BFA2F}.Release|ARM.ActiveCfg = Release|Win32
		{18850A79-6123-4359-9118-328BB81BFA2F}.Release|Win32.ActiveCfg = Release|Win32
		{18850A79-6123-4359-9118-328BB81BFA2F}.Release|Win32.Build.0 = Release|Win32
		{18850A79-6123-4359-9118-328BB81BFA2F}.Release|x64.ActiveCfg = Release|Win32
		{C64AEF8D-1E12-4809-B5D3-E452CD264CED}.Debug|ARM.ActiveCfg = Debug|Win32
		{C64AEF8D-1E12-4809-B5D3-E452CD264CED}.Debug|Win32.ActiveCfg = Debug|Win32
		{C64AEF8D-1E12-4809-B5D3-E452CD264CED}.Debug|Win32.Build.0 = Debug|Win32
		{C64AEF8D-1E12-4809-B5D3-E452CD264CED}.Debug|x64.ActiveCfg = Debug|Win32
		{C64AEF8D-1E12-4809-B5D3-E452CD264CED}.Profile|ARM.ActiveCfg = Release|Win32
		{C64AEF8D-1E12-4809-B5D3-E452CD264CED}.Profile|Win32.ActiveCfg = Release|Win32
		{C64AEF8D-1E12-4809-B5D3-E452CD264CED}.Profile|Win32.Build.0 = Release|Win32
		{C64AEF8D-1E12-4809-B5D3-E452CD264CED}.Profile|x64.ActiveCfg = Release|Win32
		{C64AEF8D-1E12-4809-B5D3-E452CD264CED}.Release|ARM.ActiveCfg = Release|Win32
		{C64AEF8D-1E12-4809-B5D3-E452CD264CED}.Release|Win32.ActiveCfg = Release|Win32
		{C64AEF8D-1E12-4809-B5D3-E452CD264CED}.Release|Win32.Build.0 = Release|Win32
		{C64AEF8D-1E12-4809-B5D3-E452CD264CED}.Release|x64.ActiveCfg = Release|Win32
		{703B01AB-EA51-41EA-9964-815B857B4848}.Debug|ARM.ActiveCfg = Debug|Win32
		{703B01AB-EA51-41EA-9964-815B857B4848}.Debug|Win32.ActiveCfg = Debug|Win32
		{703B01AB-EA51-41EA-9964-815B857B4848}.Debug|Win32.Build.0 = Debug|Win32
		{703B01AB-EA51-41EA-9964-815B857B4848}.Debug|x64.ActiveCfg = Debug|Win32
		{703B01AB-EA51-41EA-9964-815B857B4848}.Profile|ARM.ActiveCfg = Release|Win32
		{703B01AB-EA51-41EA-9964-815B857B4848}.Profile|Win32.ActiveCfg = Release|Win32
		{703B01AB-EA51-41EA-9964-815B857B4848}.Profile|Win32.Build.0 = Release|Win32
		{703B01AB-EA51-41EA-9964-815B857B4848}.Profile|x64.ActiveCfg = Release|Win32
		{703B01AB-EA51-41EA-9964-815B857B4848}.Release|ARM.ActiveCfg = Release|Win32
		{703B01AB-EA51-41EA-9964-815B857B4848}.Release|Win32.ActiveCfg = Release|Win32
		{703B01AB-EA51-41EA-9964-815B857B4848}.Release|Win32.Build.0 = Release|Win32
		{703B01AB-EA51-41EA-9964-815B857B4848}.Release|x64.ActiveCfg = Release|Win32
		{122A8C26-6DB8-4B7D-9CCD-55EBB7BFF596}.Debug|ARM.ActiveCfg = Debug|Win32
		{122A8C26-6DB8-4B7D-9CCD-55EBB7BFF596}.Debug|Win32.ActiveCfg = Debug|Win32
		{122A8C26-6DB8-4B7D-9CCD-55EBB7BFF596}.Debug|Win32.Build.0 = Debug|Win32
		{122A8C26-6DB8-4B7D-9CCD-55EBB7BFF596}.Debug|x64.ActiveCfg = Debug|x64
		{122A8C26-6DB8-4B7D-9CCD-55EBB7BFF596}.Debug|x64.Build.0 = Debug|x64
		{122A8C26-6DB8-4B7D-9CCD-55EBB7BFF596}.Profile|ARM.ActiveCfg = Release|Win32
		{122A8C26-6DB8-4B7D-9CCD-55EBB7BFF596}.Profile|Win32.ActiveCfg = Release|Win32
		{122A8C26-6DB8-4B7D-9CCD-55EBB7BFF596}.Profile|Win32.Build.0 = Release|Win32
		{122A8C26-6DB8-4B7D-9CCD-55EBB7BFF596}.Profile|x64.ActiveCfg = Release|x64
		{122A8C26-6DB8-4B7D-9CCD-55EBB7BFF596}.Profile|x64.Build.0 = Release|x64
		{122A8C26-6DB8-4B7D-9CCD-55EBB7BFF596}.Release|ARM.ActiveCfg = Release|Win32
		{122A8C26-6DB8-4B7D-9CCD-55EBB7BFF596}.Release|Win32.ActiveCfg = Release|Win32
		{122A8C26-6DB8-4B7D-9CCD-55EBB7BFF596}.Release|Win32.Build.0 = Release|Win32
		{122A8C26-6DB8-4B7D-9CCD-55EBB7BFF596}.Release|x64.ActiveCfg = Release|x64
		{122A8C26-6DB8-4B7D-9CCD-55EBB7BFF596}.Release|x64.Build.0 = Release|x64
		{F6CC679F-A864-4304-A3A0-6402C51133BB}.Debug|ARM.ActiveCfg = Debug|Win32
		{F6CC679F-A864-4304-A3A0-6402C51133BB}.Debug|Win32.ActiveCfg = Debug|Win32
		{F6CC679F-A864-4304-A3A0-6402C51133BB}.Debug|Win32.Build.0 = Debug|Win32
		{F6CC679F-A864-4304-A3A0-6402C51133BB}.Debug|x64.ActiveCfg = Debug|x64
		{F6CC679F-A864-4304-A3A0-6402C51133BB}.Debug|x64.Build.0 = Debug|x64
		{F6CC679F-A864-4304-A3A0-6402C51133BB}.Profile|ARM.ActiveCfg = Profile|Win32
		{F6CC679F-A864-4304-A3A0-6402C51133BB}.Profile|Win32.ActiveCfg = Profile|Win32
		{F6CC679F-A864-4304-A3A0-6402C51133BB}.Profile|Win32.Build.0 = Profile|Win32
		{F6CC679F-A864-4304-A3A0-6402C51133BB}.Profile|x64.ActiveCfg = Profile|x64
		{F6CC679F-A864-4304-A3A0-6402C51133BB}.Profile|x64.Build.0 = Profile|x64
		{F6CC679F-A864-4304-A3A0-6402C51133BB}.Release|ARM.ActiveCfg = Release|Win32
		{F6CC679F-A864-4304-A3A0-6402C51133BB}.Release|Win32.ActiveCfg = Release|Win32
		{F6CC679F-A864-4304-A3A0-6402C51133BB}.Release|Win32.Build.0 = Release|Win32
		{F6CC679F-A864-4304-A3A0-6402C51133BB}.Release|x64.ActiveCfg = Release|x64
		{F6CC679F-A864-4304-A3A0-6402C51133BB}.Release|x64.Build.0 = Release|x64
		{D81BE062-A790-4C13-960A-1F0F0895B704}.Debug|ARM.ActiveCfg = Debug|Win32
		{D81BE062-A790-4C13-960A-1F0F0895B704}.Debug|Win32.ActiveCfg = Debug|Win32
		{D81BE062-A790-4C13-960A-1F0F0895B704}.Debug|Win32.Build.0 = Debug|Win32
		{D81BE062-A790-4C13-960A-1F0F0895B704}.Debug|x64.ActiveCfg = Debug|x64
		{D81BE062-A790-4C13-960A-1F0F0895B704}.Debug|x64.Build.0 = Debug|x64
		{D81BE062-A790-4C13-960A-1F0F0895B704}.Profile|ARM.ActiveCfg = Release|Win32
		{D81BE062-A790-4C13-960A-1F0F0895B704}.Profile|Win32.ActiveCfg = Release|Win32
		{D81BE062-A790-4C13-960A-1F0F0895B704}.Profile|Win32.Build.0 = Release|Win32
		{D81BE062-A790-4C13-960A-1F0F0895B704}.Profile|x64.ActiveCfg = Release|x64
		{D81BE062-A790-4C13-960A-1F0F0895B704}.Profile|x64.Build.0 = Release|x64
		{D81BE062-A790-4C13-960A-1F0F0895B704}.Release|ARM.ActiveCfg = Release|Win32
		{D81BE062-A790-4C13-960A-1F0F0895B704}.Release|Win32.ActiveCfg = Release|Win32
		{D81BE062-A790-4C13-960A-1F0F0895B704}.Release|Win32.Build.0 = Release|Win32
		{D81BE062-A790-4C13-960A-1F0F0895B704}.Release|x64.ActiveCfg = Release|x64
		{D81BE062-A790-4C13-960A-1F0F0895B704}.Release|x64.Build.0 = Release|x64
		{27D79F75-61C9-405C-BC32-17E364084C5C}.Debug|ARM.ActiveCfg = Debug|Win32
		{27D79F75-61C9-405C-BC32-17E364084C5C}.Debug|Win32.ActiveCfg = Debug|Win32
		{27D79F75-61C9-405C-BC32-17E364084C5C}.Debug|Win32.Build.0 = Debug|Win32
		{27D79F75-61C9-405C-BC32-17E364084C5C}.Debug|x64.ActiveCfg = Debug|x64
		{27D79F75-61C9-405C-BC32-17E364084C5C}.Debug|x64.Build.0 = Debug|x64
		{27D79F75-61C9-405C-BC32-17E364084C5C}.Profile|ARM.ActiveCfg = Release|Win32
		{27D79F75-61C9-405C-BC32-17E364084C5C}.Profile|Win32.ActiveCfg = Release|Win32
		{27D79F75-61C9-405C-BC32-17E364084C5C}.Profile|Win32.Build.0 = Release|Win32
		{27D79F75-61C9-405C-BC32-17E364084C5C}.Profile|x64.ActiveCfg = Release|x64
		{27D79F75-61C9-405C-BC32-17E364084C5C}.Profile|x64.Build.0 = Release|x64
		{27D79F75-61C9-405C-BC32-17E364084C5C}.Release|ARM.ActiveCfg = Release|Win32
		{27D79F75-61C9-405C-BC32-17E364084C5C}.Release|Win32.ActiveCfg = Release|Win32
		{27D79F75-61C9-405C-BC32-17E364084C5C}.Release|Win32.Build.0 = Release|Win32
		{27D79F75-61C9-405C-BC32-17E364084C5C}.Release|x64.ActiveCfg = Release|x64
		{27D79F75-61C9-405C-BC32-17E364084C5C}.Release|x64.Build.0 = Release|x64
		{512AAFBE-228B-4D5B-979A-AAB992D05B7B}.Debug|ARM.ActiveCfg = Debug|Win32
		{512AAFBE-228B-4D5B-979A-AAB992D05B7B}.Debug|Win32.ActiveCfg = Debug|Win32
		{512AAFBE-228B-4D5B-979A-AAB992D05B7B}.Debug|Win32.Build.0 = Debug|Win32
		{512AAFBE-228B-4D5B-979A-AAB992D05B7B}.Debug|x64.ActiveCfg = Debug|x64
		{512AAFBE-228B-4D5B-979A-AAB992D05B7B}.Debug|x64.Build.0 = Debug|x64
		{512AAFBE-228B-4D5B-979A-AAB992D05B7B}.Profile|ARM.ActiveCfg = Profile|Win32
		{512AAFBE-228B-4D5B-979A-AAB992D05B7B}.Profile|Win32.ActiveCfg = Profile|Win32
		{512AAFBE-228B-4D5B-979A-AAB992D05B7B}.Profile|Win32.Build.0 = Profile|Win32
		{512AAFBE-228B-4D5B-979A-AAB992D05B7B}.Profile|x64.ActiveCfg = Profile|x64
		{512AAFBE-228B-4D5B-979A-AAB992D05B7B}.Profile|x64.Build.0 = Profile|x64
		{512AAFBE-228B-4D5B-979A-AAB992D05B7B}.Release|ARM.ActiveCfg = Release|Win32
		{512AAFBE-228B-4D5B-979A-AAB992D05B7B}.Release|Win32.ActiveCfg = Release|Win32
		{512AAFBE-228B-4D5B-979A-AAB992D05B7B}.Release|Win32.Build.0 = Release|Win32
		{512AAFBE-228B-4D5B-979A-AAB992D05B7B}.Release|x64.ActiveCfg = Release|x64
		{512AAFBE-228B-4D5B-979A-AAB992D05B7B}.Release|x64.Build.0 = Release|x64
		{D3D11109-96D0-4629-88B8-122C0256058C}.Debug|ARM.ActiveCfg = Debug|Win32
		{D3D11109-96D0-4629-88B8-122C0256058C}.Debug|Win32.ActiveCfg = Debug|Win32
		{D3D11109-96D0-4629-88B8-122C0256058C}.Debug|Win32.Build.0 = Debug|Win32
		{D3D11109-96D0-4629-88B8-122C0256058C}.Debug|x64.ActiveCfg = Debug|x64
		{D3D11109-96D0-4629-88B8-122C0256058C}.Debug|x64.Build.0 = Debug|x64
		{D3D11109-96D0-4629-88B8-122C0256058C}.Profile|ARM.ActiveCfg = Profile|Win32
		{D3D11109-96D0-4629-88B8-122C0256058C}.Profile|Win32.ActiveCfg = Profile|Win32
		{D3D11109-96D0-4629-88B8-122C0256058C}.Profile|Win32.Build.0 = Profile|Win32
		{D3D11109-96D0-4629-88B8-122C0256058C}.Profile|x64.ActiveCfg = Profile|x64
		{D3D11109-96D0-4629-88B8-122C0256058C}.Profile|x64.Build.0 = Profile|x64
		{D3D11109-96D0-4629-88B8-122C0256058C}.Release|ARM.ActiveCfg = Release|Win32
		{D3D11109-96D0-4629-88B8-122C0256058C}.Release|Win32.ActiveCfg = Release|Win32
		{D3D11109-96D0-4629-88B8-122C0256058C}.Release|Win32.Build.0 = Release|Win32
		{D3D11109-96D0-4629-88B8-122C0256058C}.Release|x64.ActiveCfg = Release|x64
		{D3D11109-96D0-4629-88B8-122C0256058C}.Release|x64.Build.0 = Release|x64
		{E41D2707-477A-4A1F-8D3E-65513F8B152E}.Debug|ARM.ActiveCfg = Debug|Win32
		{E41D2707-477A-4A1F-8D3E-65513F8B152E}.Debug|Win32.ActiveCfg = Debug|Win32
		{E41D2707-477A-4A1F-8D3E-65513F8B152E}.Debug|Win32.Build.0 = Debug|Win32
		{E41D2707-477A-4A1F-8D3E-65513F8B152E}.Debug|x64.ActiveCfg = Debug|x64
		{E41D2707-477A-4A1F-8D3E-65513F8B152E}.Debug|x64.Build.0 = Debug|x64
		{E41D2707-477A-4A1F-8D3E-65513F8B152E}.Profile|ARM.ActiveCfg = Release|Win32
		{E41D2707-477A-4A1F-8D3E-65513F8B152E}.Profile|Win32.ActiveCfg = Release|Win32
		{E41D2707-477A-4A1F-8D3E-65513F8B152E}.Profile|Win32.Build.0 = Release|Win32
		{E41D2707-477A-4A1F-8D3E-65513F8B152E}.Profile|x64.ActiveCfg = Release|x64
		{E41D2707-477A-4A1F-8D3E-65513F8B152E}.Profile|x64.Build.0 = Release|x64
		{E41D2707-477A-4A1F-8D3E-65513F8B152E}.Release|ARM.ActiveCfg = Release|Win32
		{E41D2707-477A-4A1F-8D3E-65513F8B152E}.Release|Win32.ActiveCfg = Release|Win32
		{E41D2707-477A-4A1F-8D3E-65513F8B152E}.Release|Win32.Build.0 = Release|Win32
		{E41D2707-477A-4A1F-8D3E-65513F8B152E}.Release|x64.ActiveCfg = Release|x64
		{E41D2707-477A-4A1F-8D3E-65513F8B152E}.Release|x64.Build.0 = Release|x64
		{39C69CEF-DC65-458C-840D-70EEB0D9DA61}.Debug|ARM.ActiveCfg = Debug|Win32
		{39C69CEF-DC65-458C-840D-70EEB0D9DA61}.Debug|Win32.ActiveCfg = Debug|Win32
		{39C69CEF-DC65-458C-840D-70EEB0D9DA61}.Debug|Win32.Build.0 = Debug|Win32
		{39C69CEF-DC65-458C-840D-70EEB0D9DA61}.Debug|x64.ActiveCfg = Debug|x64
		{39C69CEF-DC65-458C-840D-70EEB0D9DA61}.Debug|x64.Build.0 = Debug|x64
		{39C69CEF-DC65-458C-840D-70EEB0D9DA61}.Profile|ARM.ActiveCfg = Profile|Win32
		{39C69CEF-DC65-458C-840D-70EEB0D9DA61}.Profile|Win32.ActiveCfg = Profile|Win32
		{39C69CEF-DC65-458C-840D-70EEB0D9DA61}.Profile|Win32.Build.0 = Profile|Win32
		{39C69CEF-DC65-458C-840D-70EEB0D9DA61}.Profile|x64.ActiveCfg = Profile|x64
		{39C69CEF-DC65-458C-840D-70EEB0D9DA61}.Profile|x64.Build.0 = Profile|x64
		{39C69CEF-DC65-458C-840D-70EEB0D9DA61}.Release|ARM.ActiveCfg = Release|Win32
		{39C69CEF-DC65-458C-840D-70EEB0D9DA61}.Release|Win32.ActiveCfg = Release|Win32
		{39C69CEF-DC65-458C-840D-70EEB0D9DA61}.Release|Win32.Build.0 = Release|Win32
		{39C69CEF-DC65-458C-840D-70EEB0D9DA61}.Release|x64.ActiveCfg = Release|x64
		{39C69CEF-DC65-458C-840D-70EEB0D9DA61}.Release|x64.Build.0 = Release|x64
		{B3610A5C-240C-4130-AE3B-F799F7CC5138}.Debug|ARM.ActiveCfg = Debug|Win32
		{B3610A5C-240C-4130-AE3B-F799F7CC5138}.Debug|Win32.ActiveCfg = Debug|Win32
		{B3610A5C-240C-4130-AE3B-F799F7CC5138}.Debug|Win32.Build.0 = Debug|Win32
		{B3610A5C-240C-4130-AE3B-F799F7CC5138}.Debug|x64.ActiveCfg = Debug|x64
		{B3610A5C-240C-4130-AE3B-F799F7CC5138}.Debug|x64.Build.0 = Debug|x64
		{B3610A5C-240C-4130-AE3B-F799F7CC5138}.Profile|ARM.ActiveCfg = Release|Win32
		{B3610A5C-240C-4130-AE3B-F799F7CC5138}.Profile|Win32.ActiveCfg = Release|Win32
		{B3610A5C-240C-4130-AE3B-F799F7CC5138}.Profile|Win32.Build.0 = Release|Win32
		{B3610A5C-240C-4130-AE3B-F799F7CC5138}.Profile|x64.ActiveCfg = Release|x64
		{B3610A5C-240C-4130-AE3B-F799F7CC5138}.Profile|x64.Build.0 = Release|x64
		{B3610A5C-240C-4130-AE3B-F799F7CC5138}.Release|ARM.ActiveCfg = Release|Win32
		{B3610A5C-240C-4130-AE3B-F799F7CC5138}.Release|Win32.ActiveCfg = Release|Win32
		{B3610A5C-240C-4130-AE3B-F799F7CC5138}.Release|Win32.Build.0 = Release|Win32
		{B3610A5C-240C-4130-AE3B-F799F7CC5138}.Release|x64.ActiveCfg = Release|x64
		{B3610A5C-240C-4130-AE3B-F799F7CC5138}.Release|x64.Build.0 = Release|x64
		{784B6933-144E-4EC1-A964-1166586E17E3}.Debug|ARM.ActiveCfg = Debug|Win32
		{784B6933-144E-4EC1-A964-1166586E17E3}.Debug|Win32.ActiveCfg = Debug|Win32
		{784B6933-144E-4EC1-A964-1166586E17E3}.Debug|Win32.Build.0 = Debug|Win32
		{784B6933-144E-4EC1-A964-1166586E17E3}.Debug|x64.ActiveCfg = Debug|x64
		{784B6933-144E-4EC1-A964-1166586E17E3}.Debug|x64.Build.0 = Debug|x64
		{784B6933-144E-4EC1-A964-1166586E17E3}.Profile|ARM.ActiveCfg = Release|Win32
		{784B6933-144E-4EC1-A964-1166586E17E3}.Profile|Win32.ActiveCfg = Release|Win32
		{784B6933-144E-4EC1-A964-1166586E17E3}.Profile|Win32.Build.0 = Release|Win32
		{784B6933-144E-4EC1-A964-1166586E17E3}.Profile|x64.ActiveCfg = Release|x64
		{784B6933-144E-4EC1-A964-1166586E17E3}.Profile|x64.Build.0 = Release|x64
		{784B6933-144E-4EC1-A964-1166586E17E3}.Release|ARM.ActiveCfg = Release|Win32
		{784B6933-144E-4EC1-A964-1166586E17E3}.Release|Win32.ActiveCfg = Release|Win32
		{784B6933-144E-4EC1-A964-1166586E17E3}.Release|Win32.Build.0 = Release|Win32
		{784B6933-144E-4EC1-A964-1166586E17E3}.Release|x64.ActiveCfg = Release|x64
		{784B6933-144E-4EC1-A964-1166586E17E3}.Release|x64.Build.0 = Release|x64
		{A341D953-A88A-4CEE-9CE8-4F2CFE8725E2}.Debug|ARM.ActiveCfg = Debug|ARM
		{A341D953-A88A-4CEE-9CE8-4F2CFE8725E2}.Debug|ARM.Build.0 = Debug|ARM
		{A341D953-A88A-4CEE-9CE8-4F2CFE8725E2}.Debug|ARM.Deploy.0 = Debug|ARM
		{A341D953-A88A-4CEE-9CE8-4F2CFE8725E2}.Debug|Win32.ActiveCfg = Debug|Win32
		{A341D953-A88A-4CEE-9CE8-4F2CFE8725E2}.Debug|Win32.Build.0 = Debug|Win32
		{A341D953-A88A-4CEE-9CE8-4F2CFE8725E2}.Debug|Win32.Deploy.0 = Debug|Win32
		{A341D953-A88A-4CEE-9CE8-4F2CFE8725E2}.Debug|x64.ActiveCfg = Debug|x64
		{A341D953-A88A-4CEE-9CE8-4F2CFE8725E2}.Debug|x64.Build.0 = Debug|x64
		{A341D953-A88A-4CEE-9CE8-4F2CFE8725E2}.Debug|x64.Deploy.0 = Debug|x64
		{A341D953-A88A-4CEE-9CE8-4F2CFE8725E2}.Profile|ARM.ActiveCfg = Release|ARM
		{A341D953-A88A-4CEE-9CE8-4F2CFE8725E2}.Profile|ARM.Build.0 = Release|ARM
		{A341D953-A88A-4CEE-9CE8-4F2CFE8725E2}.Profile|ARM.Deploy.0 = Release|ARM
		{A341D953-A88A-4CEE-9CE8-4F2CFE8725E2}.Profile|Win32.ActiveCfg = Release|Win32
		{A341D953-A88A-4CEE-9CE8-4F2CFE8725E2}.Profile|Win32.Build.0 = Release|Win32
		{A341D953-A88A-4CEE-9CE8-4F2CFE8725E2}.Profile|Win32.Deploy.0 = Release|Win32
		{A341D953-A88A-4CEE-9CE8-4F2CFE8725E2}.Profile|x64.ActiveCfg = Release|x64
		{A341D953-A88A-4CEE-9CE8-4F2CFE8725E2}.Profile|x64.Build.0 = Release|x64
		{A341D953-A88A-4CEE-9CE8-4F2CFE8725E2}.Profile|x64.Deploy.0 = Release|x64
		{A341D953-A88A-4CEE-9CE8-4F2CFE8725E2}.Release|ARM.ActiveCfg = Release|ARM
		{A341D953-A88A-4CEE-9CE8-4F2CFE8725E2}.Release|ARM.Build.0 = Release|ARM
		{A341D953-A88A-4CEE-9CE8-4F2CFE8725E2}.Release|ARM.Deploy.0 = Release|ARM
		{A341D953-A88A-4CEE-9CE8-4F2CFE8725E2}.Release|Win32.ActiveCfg = Release|Win32
		{A341D953-A88A-4CEE-9CE8-4F2CFE8725E2}.Release|Win32.Build.0 = Release|Win32
		{A341D953-A88A-4CEE-9CE8-4F2CFE8725E2}.Release|Win32.Deploy.0 = Release|Win32
		{A341D953-A88A-4CEE-9CE8-4F2CFE8725E2}.Release|x64.ActiveCfg = Release|x64
		{A341D953-A88A-4CEE-9CE8-4F2CFE8725E2}.Release|x64.Build.0 = Release|x64
		{A341D953-A88A-4CEE-9CE8-4F2CFE8725E2}.Release|x64.Deploy.0 = Release|x64
		{79E4EFE0-3417-4CCA-BF51-C29A651B432A}.Debug|ARM.ActiveCfg = Debug|ARM
		{79E4EFE0-3417-4CCA-BF51-C29A651B432A}.Debug|ARM.Build.0 = Debug|ARM
		{79E4EFE0-3417-4CCA-BF51-C29A651B432A}.Debug|ARM.Deploy.0 = Debug|ARM
		{79E4EFE0-3417-4CCA-BF51-C29A651B432A}.Debug|Win32.ActiveCfg = Debug|Win32
		{79E4EFE0-3417-4CCA-BF51-C29A651B432A}.Debug|Win32.Build.0 = Debug|Win32
		{79E4EFE0-3417-4CCA-BF51-C29A651B432A}.Debug|Win32.Deploy.0 = Debug|Win32
		{79E4EFE0-3417-4CCA-BF51-C29A651B432A}.Debug|x64.ActiveCfg = Debug|x64
		{79E4EFE0-3417-4CCA-BF51-C29A651B432A}.Debug|x64.Build.0 = Debug|x64
		{79E4EFE0-3417-4CCA-BF51-C29A651B432A}.Debug|x64.Deploy.0 = Debug|x64
		{79E4EFE0-3417-4CCA-BF51-C29A651B432A}.Profile|ARM.ActiveCfg = Release|ARM
		{79E4EFE0-3417-4CCA-BF51-C29A651B432A}.Profile|ARM.Build.0 = Release|ARM
		{79E4EFE0-3417-4CCA-BF51-C29A651B432A}.Profile|ARM.Deploy.0 = Release|ARM
		{79E4EFE0-3417-4CCA-BF51-C29A651B432A}.Profile|Win32.ActiveCfg = Release|Win32
		{79E4EFE0-3417-4CCA-BF51-C29A651B432A}.Profile|Win32.Build.0 = Release|Win32
		{79E4EFE0-3417-4CCA-BF51-C29A651B432A}.Profile|Win32.Deploy.0 = Release|Win32
		{79E4EFE0-3417-4CCA-BF51-C29A651B432A}.Profile|x64.ActiveCfg = Release|x64
		{79E4EFE0-3417-4CCA-BF51-C29A651B432A}.Profile|x64.Build.0 = Release|x64
		{79E4EFE0-3417-4CCA-BF51-C29A651B432A}.Profile|x64.Deploy.0 = Release|x64
		{79E4EFE0-3417-4CCA-BF51-C29A651B432A}.Release|ARM.ActiveCfg = Release|ARM
		{79E4EFE0-3417-4CCA-BF51-C29A651B432A}.Release|ARM.Build.0 = Release|ARM
		{79E4EFE0-3417-4CCA-BF51-C29A651B432A}.Release|ARM.Deploy.0 = Release|ARM
		{79E4EFE0-3417-4CCA-BF51-C29A651B432A}.Release|Win32.ActiveCfg = Release|Win32
		{79E4EFE0-3417-4CCA-BF51-C29A651B432A}.Release|Win32.Build.0 = Release|Win32
		{79E4EFE0-3417-4CCA-BF51-C29A651B432A}.Release|Win32.Deploy.0 = Release|Win32
		{79E4EFE0-3417-4CCA-BF51-C29A651B432A}.Release|x64.ActiveCfg = Release|x64
		{79E4EFE0-3417-4CCA-BF51-C29A651B432A}.Release|x64.Build.0 = Release|x64
		{79E4EFE0-3417-4CCA-BF51-C29A651B432A}.Release|x64.Deploy.0 = Release|x64
		{9624027E-A0AC-4476-AD38-1E741C23210A}.Debug|ARM.ActiveCfg = Debug|ARM
		{9624027E-A0AC-4476-AD38-1E741C23210A}.Debug|ARM.Build.0 = Debug|ARM
		{9624027E-A0AC-4476-AD38-1E741C23210A}.Debug|ARM.Deploy.0 = Debug|ARM
		{9624027E-A0AC-4476-AD38-1E741C23210A}.Debug|Win32.ActiveCfg = Debug|Win32
		{9624027E-A0AC-4476-AD38-1E741C23210A}.Debug|Win32.Build.0 = Debug|Win32
		{9624027E-A0AC-4476-AD38-1E741C23210A}.Debug|Win32.Deploy.0 = Debug|Win32
		{9624027E-A0AC-4476-AD38-1E741C23210A}.Debug|x64.ActiveCfg = Debug|x64
		{9624027E-A0AC-4476-AD38-1E741C23210A}.Debug|x64.Build.0 = Debug|x64
		{9624027E-A0AC-4476-AD38-1E741C23210A}.Debug|x64.Deploy.0 = Debug|x64
		{9624027E-A0AC-4476-AD38-1E741C23210A}.Profile|ARM.ActiveCfg = Release|ARM
		{9624027E-A0AC-4476-AD38-1E741C23210A}.Profile|ARM.Build.0 = Release|ARM
		{9624027E-A0AC-4476-AD38-1E741C23210A}.Profile|ARM.Deploy.0 = Release|ARM
		{9624027E-A0AC-4476-AD38-1E741C23210A}.Profile|Win32.ActiveCfg = Release|Win32
		{9624027E-A0AC-4476-AD38-1E741C23210A}.Profile|Win32.Build.0 = Release|Win32
		{9624027E-A0AC-4476-AD38-1E741C23210A}.Profile|Win32.Deploy.0 = Release|Win32
		{9624027E-A0AC-4476-AD38-1E741C23210A}.Profile|x64.ActiveCfg = Release|x64
		{9624027E-A0AC-4476-AD38-1E741C23210A}.Profile|x64.Build.0 = Release|x64
		{9624027E-A0AC-4476-AD38-1E741C23210A}.Profile|x64.Deploy.0 = Release|x64
		{9624027E-A0AC-4476-AD38-1E741C23210A}.Release|ARM.ActiveCfg = Release|ARM
		{9624027E-A0AC-4476-AD38-1E741C23210A}.Release|ARM.Build.0 = Release|ARM
		{9624027E-A0AC-4476-AD38-1E741C23210A}.Release|ARM.Deploy.0 = Release|ARM
		{9624027E-A0AC-4476-AD38-1E741C23210A}.Release|Win32.ActiveCfg = Release|Win32
		{9624027E-A0AC-4476-AD38-1E741C23210A}.Release|Win32.Build.0 = Release|Win32
		{9624027E-A0AC-4476-AD38-1E741C23210A}.Release|Win32.Deploy.0 = Release|Win32
		{9624027E-A0AC-4476-AD38-1E741C23210A}.Release|x64.ActiveCfg = Release|x64
		{9624027E-A0AC-4476-AD38-1E741C23210A}.Release|x64.Build.0 = Release|x64
		{9624027E-A0AC-4476-AD38-1E741C23210A}.Release|x64.Deploy.0 = Release|x64
		{E3FD9116-8B1A-496E-8416-B08587B70490}.Debug|ARM.ActiveCfg = Debug|Win32
		{E3FD9116-8B1A-496E-8416-B08587B70490}.Debug|Win32.ActiveCfg = Debug|Win32
		{E3FD9116-8B1A-496E-8416-B08587B70490}.Debug|Win32.Build.0 = Debug|Win32
		{E3FD9116-8B1A-496E-8416-B08587B70490}.Debug|x64.ActiveCfg = Debug|x64
		{E3FD9116-8B1A-496E-8416-B08587B70490}.Debug|x64.Build.0 = Debug|x64
		{E3FD9116-8B1A-496E-8416-B08587B70490}.Profile|ARM.ActiveCfg = Release|Win32
		{E3FD9116-8B1A-496E-8416-B08587B70490}.Profile|Win32.ActiveCfg = Release|Win32
		{E3FD9116-8B1A-496E-8416-B08587B70490}.Profile|Win32.Build.0 = Release|Win32
		{E3FD9116-8B1A-496E-8416-B08587B70490}.Profile|x64.ActiveCfg = Release|x64
		{E3FD9116-8B1A-496E-8416-B08587B70490}.Profile|x64.Build.0 = Release|x64
		{E3FD9116-8B1A-496E-8416-B08587B70490}.Release|ARM.ActiveCfg = Release|Win32
		{E3FD9116-8B1A-496E-8416-B08587B70490}.Release|Win32.ActiveCfg = Release|Win32
		{E3FD9116-8B1A-496E-8416-B08587B70490}.Release|Win32.Build.0 = Release|Win32
		{E3FD9116-8B1A-496E-8416-B08587B70490}.Release|x64.ActiveCfg = Release|x64
		{E3FD9116-8B1A-496E-8416-B08587B70490}.Release|x64.Build.0 = Release|x64
		{AB5D8516-8DD7-410C-9B07-324293F1232D}.Debug|ARM.ActiveCfg = Debug|Win32
		{AB5D8516-8DD7-410C-9B07-324293F1232D}.Debug|Win32.ActiveCfg = Debug|Win32
		{AB5D8516-8DD7-410C-9B07-324293F1232D}.Debug|Win32.Build.0 = Debug|Win32
		{AB5D8516-8DD7-410C-9B07-324293F1232D}.Debug|x64.ActiveCfg = Debug|Win32
		{AB5D8516-8DD7-410C-9B07-324293F1232D}.Profile|ARM.ActiveCfg = Release|Win32
		{AB5D8516-8DD7-410C-9B07-324293F1232D}.Profile|Win32.ActiveCfg = Release|Win32
		{AB5D8516-8DD7-410C-9B07-324293F1232D}.Profile|Win32.Build.0 = Release|Win32
		{AB5D8516-8DD7-410C-9B07-324293F1232D}.Profile|x64.ActiveCfg = Release|Win32
		{AB5D8516-8DD7-410C-9B07-324293F1232D}.Release|ARM.ActiveCfg = Release|Win32
		{AB5D8516-8DD7-410C-9B07-324293F1232D}.Release|Win32.ActiveCfg = Release|Win32
		{AB5D8516-8DD7-410C-9B07-324293F1232D}.Release|Win32.Build.0 = Release|Win32
		{AB5D8516-8DD7-410C-9B07-324293F1232D}.Release|x64.ActiveCfg = Release|Win32
		{A3F95D0E-8DCA-44D4-884F-95AB2EF3BFC0}.Debug|ARM.ActiveCfg = Debug|Win32
		{A3F95D0E-8DCA-44D4-884F-95AB2EF3BFC0}.Debug|Win32.ActiveCfg = Debug|Win32
		{A3F95D0E-8DCA-44D4-884F-95AB2EF3BFC0}.Debug|Win32.Build.0 = Debug|Win32
		{A3F95D0E-8DCA-44D4-884F-95AB2EF3BFC0}.Debug|x64.ActiveCfg = Debug|x64
		{A3F95D0E-8DCA-44D4-884F-95AB2EF3BFC0}.Debug|x64.Build.0 = Debug|x64
		{A3F95D0E-8DCA-44D4-884F-95AB2EF3BFC0}.Profile|ARM.ActiveCfg = Release|Win32
		{A3F95D0E-8DCA-44D4-884F-95AB2EF3BFC0}.Profile|Win32.ActiveCfg = Release|Win32
		{A3F95D0E-8DCA-44D4-884F-95AB2EF3BFC0}.Profile|Win32.Build.0 = Release|Win32
		{A3F95D0E-8DCA-44D4-884F-95AB2EF3BFC0}.Profile|x64.ActiveCfg = Release|x64
		{A3F95D0E-8DCA-44D4-884F-95AB2EF3BFC0}.Profile|x64.Build.0 = Release|x64
		{A3F95D0E-8DCA-44D4-884F-95AB2EF3BFC0}.Release|ARM.ActiveCfg = Release|Win32
		{A3F95D0E-8DCA-44D4-884F-95AB2EF3BFC0}.Release|Win32.ActiveCfg = Release|Win32
		{A3F95D0E-8DCA-44D4-884F-95AB2EF3BFC0}.Release|Win32.Build.0 = Release|Win32
		{A3F95D0E-8DCA-44D4-884F-95AB2EF3BFC0}.Release|x64.ActiveCfg = Release|x64
		{A3F95D0E-8DCA-44D4-884F-95AB2EF3BFC0}.Release|x64.Build.0 = Release|x64
		{21118B05-66BF-422A-A492-70913E756300}.Debug|ARM.ActiveCfg = Debug|Win32
		{21118B05-66BF-422A-A492-70913E756300}.Debug|Win32.ActiveCfg = Debug|Win32
		{21118B05-66BF-422A-A492-70913E756300}.Debug|Win32.Build.0 = Debug|Win32
		{21118B05-66BF-422A-A492-70913E756300}.Debug|x64.ActiveCfg = Debug|Win32
		{21118B05-66BF-422A-A492-70913E756300}.Profile|ARM.ActiveCfg = Release|Win32
		{21118B05-66BF-422A-A492-70913E756300}.Profile|Win32.ActiveCfg = Release|Win32
		{21118B05-66BF-422A-A492-70913E756300}.Profile|Win32.Build.0 = Release|Win32
		{21118B05-66BF-422A-A492-70913E756300}.Profile|x64.ActiveCfg = Release|Win32
		{21118B05-66BF-422A-A492-70913E756300}.Release|ARM.ActiveCfg = Release|Win32
		{21118B05-66BF-422A-A492-70913E756300}.Release|Win32.ActiveCfg = Release|Win32
		{21118B05-66BF-422A-A492-70913E756300}.Release|Win32.Build.0 = Release|Win32
		{21118B05-66BF-422A-A492-70913E756300}.Release|x64.ActiveCfg = Release|Win32
		{511E582C-5B10-436F-8B77-FEAECD5D0F91}.Debug|ARM.ActiveCfg = Debug|ARM
		{511E582C-5B10-436F-8B77-FEAECD5D0F91}.Debug|ARM.Build.0 = Debug|ARM
		{511E582C-5B10-436F-8B77-FEAECD5D0F91}.Debug|ARM.Deploy.0 = Debug|ARM
		{511E582C-5B10-436F-8B77-FEAECD5D0F91}.Debug|Win32.ActiveCfg = Debug|Win32
		{511E582C-5B10-436F-8B77-FEAECD5D0F91}.Debug|Win32.Build.0 = Debug|Win32
		{511E582C-5B10-436F-8B77-FEAECD5D0F91}.Debug|Win32.Deploy.0 = Debug|Win32
		{511E582C-5B10-436F-8B77-FEAECD5D0F91}.Debug|x64.ActiveCfg = Debug|x64
		{511E582C-5B10-436F-8B77-FEAECD5D0F91}.Debug|x64.Build.0 = Debug|x64
		{511E582C-5B10-436F-8B77-FEAECD5D0F91}.Debug|x64.Deploy.0 = Debug|x64
		{511E582C-5B10-436F-8B77-FEAECD5D0F91}.Profile|ARM.ActiveCfg = Release|ARM
		{511E582C-5B10-436F-8B77-FEAECD5D0F91}.Profile|ARM.Build.0 = Release|ARM
		{511E582C-5B10-436F-8B77-FEAECD5D0F91}.Profile|ARM.Deploy.0 = Release|ARM
		{511E582C-5B10-436F-8B77-FEAECD5D0F91}.Profile|Win32.ActiveCfg = Release|Win32
		{511E582C-5B10-436F-8B77-FEAECD5D0F91}.Profile|Win32.Build.0 = Release|Win32
		{511E582C-5B10-436F-8B77-FEAECD5D0F91}.Profile|Win32.Deploy.0 = Release|Win32
		{511E582C-5B10-436F-8B77-FEAECD5D0F91}.Profile|x64.ActiveCfg = Release|x64
		{511E582C-5B10-436F-8B77-FEAECD5D0F91}.Profile|x64.Build.0 = Release|x64
		{511E582C-5B10-436F-8B77-FEAECD5D0F91}.Profile|x64.Deploy.0 = Release|x64
		{511E582C-5B10-436F-8B77-FEAECD5D0F91}.Release|ARM.ActiveCfg = Release|ARM
		{511E582C-5B10-436F-8B77-FEAECD5D0F91}.Release|ARM.Build.0 = Release|ARM
		{511E582C-5B10-436F-8B77-FEAECD5D0F91}.Release|ARM.Deploy.0 = Release|ARM
		{511E582C-5B10-436F-8B77-FEAECD5D0F91}.Release|Win32.ActiveCfg = Release|Win32
		{511E582C-5B10-436F-8B77-FEAECD5D0F91}.Release|Win32.Build.0 = Release|Win32
		{511E582C-5B10-436F-8B77-FEAECD5D0F91}.Release|Win32.Deploy.0 = Release|Win32
		{511E582C-5B10-436F-8B77-FEAECD5D0F91}.Release|x64.ActiveCfg = Release|x64
		{511E582C-5B10-436F-8B77-FEAECD5D0F91}.Release|x64.Build.0 = Release|x64
		{511E582C-5B10-436F-8B77-FEAECD5D0F91}.Release|x64.Deploy.0 = Release|x64
		{FCB49517-D33C-465E-91D7-C1E146E091C5}.Debug|ARM.ActiveCfg = Debug|Win32
		{FCB49517-D33C-465E-91D7-C1E146E091C5}.Debug|Win32.ActiveCfg = Debug|Win32
		{FCB49517-D33C-465E-91D7-C1E146E091C5}.Debug|Win32.Build.0 = Debug|Win32
		{FCB49517-D33C-465E-91D7-C1E146E091C5}.Debug|x64.ActiveCfg = Debug|x64
		{FCB49517-D33C-465E-91D7-C1E146E091C5}.Debug|x64.Build.0 = Debug|x64
		{FCB49517-D33C-465E-91D7-C1E146E091C5}.Profile|ARM.ActiveCfg = Release|Win32
		{FCB49517-D33C-465E-91D7-C1E146E091C5}.Profile|Win32.ActiveCfg = Release|Win32
		{FCB49517-D33C-465E-91D7-C1E146E091C5}.Profile|Win32.Build.0 = Release|Win32
		{FCB49517-D33C-465E-91D7-C1E146E091C5}.Profile|x64.ActiveCfg = Release|x64
		{FCB49517-D33C-465E-91D7-C1E146E091C5}.Profile|x64.Build.0 = Release|x64
		{FCB49517-D33C-465E-91D7-C1E146E091C5}.Release|ARM.ActiveCfg = Release|Win32
		{FCB49517-D33C-465E-91D7-C1E146E091C5}.Release|Win32.ActiveCfg = Release|Win32
		{FCB49517-D33C-465E-91D7-C1E146E091C5}.Release|Win32.Build.0 = Release|Win32
		{FCB49517-D33C-465E-91D7-C1E146E091C5}.Release|x64.ActiveCfg = Release|x64
		{FCB49517-D33C-465E-91D7-C1E146E091C5}.Release|x64.Build.0 = Release|x64
		{0AF209CF-24D2-4E23-9BFA-1CD48BE7B4BD}.Debug|ARM.ActiveCfg = Debug|ARM
		{0AF209CF-24D2-4E23-9BFA-1CD48BE7B4BD}.Debug|ARM.Build.0 = Debug|ARM
		{0AF209CF-24D2-4E23-9BFA-1CD48BE7B4BD}.Debug|ARM.Deploy.0 = Debug|ARM
		{0AF209CF-24D2-4E23-9BFA-1CD48BE7B4BD}.Debug|Win32.ActiveCfg = Debug|Win32
		{0AF209CF-24D2-4E23-9BFA-1CD48BE7B4BD}.Debug|Win32.Build.0 = Debug|Win32
		{0AF209CF-24D2-4E23-9BFA-1CD48BE7B4BD}.Debug|Win32.Deploy.0 = Debug|Win32
		{0AF209CF-24D2-4E23-9BFA-1CD48BE7B4BD}.Debug|x64.ActiveCfg = Debug|x64
		{0AF209CF-24D2-4E23-9BFA-1CD48BE7B4BD}.Debug|x64.Build.0 = Debug|x64
		{0AF209CF-24D2-4E23-9BFA-1CD48BE7B4BD}.Debug|x64.Deploy.0 = Debug|x64
		{0AF209CF-24D2-4E23-9BFA-1CD48BE7B4BD}.Profile|ARM.ActiveCfg = Release|ARM
		{0AF209CF-24D2-4E23-9BFA-1CD48BE7B4BD}.Profile|ARM.Build.0 = Release|ARM
		{0AF209CF-24D2-4E23-9BFA-1CD48BE7B4BD}.Profile|ARM.Deploy.0 = Release|ARM
		{0AF209CF-24D2-4E23-9BFA-1CD48BE7B4BD}.Profile|Win32.ActiveCfg = Release|Win32
		{0AF209CF-24D2-4E23-9BFA-1CD48BE7B4BD}.Profile|Win32.Build.0 = Release|Win32
		{0AF209CF-24D2-4E23-9BFA-1CD48BE7B4BD}.Profile|Win32.Deploy.0 = Release|Win32
		{0AF209CF-24D2-4E23-9BFA-1CD48BE7B4BD}.Profile|x64.ActiveCfg = Release|x64
		{0AF209CF-24D2-4E23-9BFA-1CD48BE7B4BD}.Profile|x64.Build.0 = Release|x64
		{0AF209CF-24D2-4E23-9BFA-1CD48BE7B4BD}.Profile|x64.Deploy.0 = Release|x64
		{0AF209CF-24D2-4E23-9BFA-1CD48BE7B4BD}.Release|ARM.ActiveCfg = Release|ARM
		{0AF209CF-24D2-4E23-9BFA-1CD48BE7B4BD}.Release|ARM.Build.0 = Release|ARM
		{0AF209CF-24D2-4E23-9BFA-1CD48BE7B4BD}.Release|ARM.Deploy.0 = Release|ARM
		{0AF209CF-24D2-4E23-9BFA-1CD48BE7B4BD}.Release|Win32.ActiveCfg = Release|Win32
		{0AF209CF-24D2-4E23-9BFA-1CD48BE7B4BD}.Release|Win32.Build.0 = Release|Win32
		{0AF209CF-24D2-4E23-9BFA-1CD48BE7B4BD}.Release|Win32.Deploy.0 = Release|Win32
		{0AF209CF-24D2-4E23-9BFA-1CD48BE7B4BD}.Release|x64.ActiveCfg = Release|x64
		{0AF209CF-24D2-4E23-9BFA-1CD48BE7B4BD}.Release|x64.Build.0 = Release|x64
		{0AF209CF-24D2-4E23-9BFA-1CD48BE7B4BD}.Release|x64.Deploy.0 = Release|x64
		{62BDC878-302D-4F89-87BC-2F8C7A105BC9}.Debug|ARM.ActiveCfg = Debug|Win32
		{62BDC878-302D-4F89-87BC-2F8C7A105BC9}.Debug|Win32.ActiveCfg = Debug|Win32
		{62BDC878-302D-4F89-87BC-2F8C7A105BC9}.Debug|Win32.Build.0 = Debug|Win32
		{62BDC878-302D-4F89-87BC-2F8C7A105BC9}.Debug|x64.ActiveCfg = Debug|x64
		{62BDC878-302D-4F89-87BC-2F8C7A105BC9}.Debug|x64.Build.0 = Debug|x64
		{62BDC878-302D-4F89-87BC-2F8C7A105BC9}.Profile|ARM.ActiveCfg = Release|Win32
		{62BDC878-302D-4F89-87BC-2F8C7A105BC9}.Profile|Win32.ActiveCfg = Release|Win32
		{62BDC878-302D-4F89-87BC-2F8C7A105BC9}.Profile|Win32.Build.0 = Release|Win32
		{62BDC878-302D-4F89-87BC-2F8C7A105BC9}.Profile|x64.ActiveCfg = Release|x64
		{62BDC878-302D-4F89-87BC-2F8C7A105BC9}.Profile|x64.Build.0 = Release|x64
		{62BDC878-302D-4F89-87BC-2F8C7A105BC9}.Release|ARM.ActiveCfg = Release|Win32
		{62BDC878-302D-4F89-87BC-2F8C7A105BC9}.Release|Win32.ActiveCfg = Release|Win32
		{62BDC878-302D-4F89-87BC-2F8C7A105BC9}.Release|Win32.Build.0 = Release|Win32
		{62BDC878-302D-4F89-87BC-2F8C7A105BC9}.Release|x64.ActiveCfg = Release|x64
		{62BDC878-302D-4F89-87BC-2F8C7A105BC9}.Release|x64.Build.0 = Release|x64
	EndGlobalSection
	GlobalSection(SolutionProperties) = preSolution
		HideSolutionNode = FALSE
	EndGlobalSection
	GlobalSection(NestedProjects) = preSolution
		{459AECA1-B9EF-464B-BA73-E1C86E630607} = {78D4E5AC-D404-4FC0-87F2-A153E1808C5A}
		{23EB12F1-B9E3-4541-A593-718DB9AE0521} = {78D4E5AC-D404-4FC0-87F2-A153E1808C5A}
		{A4223380-F27E-44C3-900F-1A57453B4A78} = {78D4E5AC-D404-4FC0-87F2-A153E1808C5A}
		{8957A2B1-B671-4AF8-91E0-C748CCA94D90} = {78D4E5AC-D404-4FC0-87F2-A153E1808C5A}
		{887D672E-6E8C-4B2B-8531-B1B160538CDD} = {78D4E5AC-D404-4FC0-87F2-A153E1808C5A}
		{BE4A9498-2C80-4105-9738-F4E706E49603} = {78D4E5AC-D404-4FC0-87F2-A153E1808C5A}
		{27E9BCF1-3A02-4C49-8CDE-BBDCDE864591} = {459AECA1-B9EF-464B-BA73-E1C86E630607}
		{D4072CAF-AB2D-41F9-805D-2A7E426C52FE} = {459AECA1-B9EF-464B-BA73-E1C86E630607}
		{A00702BD-BF6F-49F0-B5A6-83E6457F6C72} = {459AECA1-B9EF-464B-BA73-E1C86E630607}
		{F6726075-C403-4D38-94AC-70E15E2D5989} = {459AECA1-B9EF-464B-BA73-E1C86E630607}
		{78A88586-2E47-4DBE-8373-2D23C9A55281} = {459AECA1-B9EF-464B-BA73-E1C86E630607}
		{BCE358B9-FFF4-4712-A965-D6C2640AE3B0} = {459AECA1-B9EF-464B-BA73-E1C86E630607}
		{4653CDA1-AFC1-48AF-889F-B8FDBB7523EF} = {459AECA1-B9EF-464B-BA73-E1C86E630607}
		{206FEF8D-A51E-4661-929A-49253DFD5FFF} = {459AECA1-B9EF-464B-BA73-E1C86E630607}
		{DA56A47D-90B1-4C3D-8B91-039C41A7A0AB} = {459AECA1-B9EF-464B-BA73-E1C86E630607}
		{D41EFF73-7612-46C1-941D-3D82C888EC18} = {459AECA1-B9EF-464B-BA73-E1C86E630607}
		{B1F30CF1-0A13-545A-75F2-7CCF8BA1A18F} = {27E9BCF1-3A02-4C49-8CDE-BBDCDE864591}
		{3D74703F-3A58-A860-884D-7B64204109BA} = {27E9BCF1-3A02-4C49-8CDE-BBDCDE864591}
		{F5BD7078-110B-D139-38FD-72E7C55B3432} = {D4072CAF-AB2D-41F9-805D-2A7E426C52FE}
		{1B5FE438-7962-85EB-10EF-8800FA60D427} = {A00702BD-BF6F-49F0-B5A6-83E6457F6C72}
		{66E16ACA-0207-4F0F-A930-FB7320056D0F} = {F6726075-C403-4D38-94AC-70E15E2D5989}
		{5EB302D0-1F62-4333-8767-2E71EBA31499} = {78A88586-2E47-4DBE-8373-2D23C9A55281}
		{18850A79-6123-4359-9118-328BB81BFA2F} = {BCE358B9-FFF4-4712-A965-D6C2640AE3B0}
		{C64AEF8D-1E12-4809-B5D3-E452CD264CED} = {23EB12F1-B9E3-4541-A593-718DB9AE0521}
		{703B01AB-EA51-41EA-9964-815B857B4848} = {23EB12F1-B9E3-4541-A593-718DB9AE0521}
		{122A8C26-6DB8-4B7D-9CCD-55EBB7BFF596} = {23EB12F1-B9E3-4541-A593-718DB9AE0521}
		{F6CC679F-A864-4304-A3A0-6402C51133BB} = {23EB12F1-B9E3-4541-A593-718DB9AE0521}
		{D81BE062-A790-4C13-960A-1F0F0895B704} = {23EB12F1-B9E3-4541-A593-718DB9AE0521}
		{27D79F75-61C9-405C-BC32-17E364084C5C} = {23EB12F1-B9E3-4541-A593-718DB9AE0521}
		{512AAFBE-228B-4D5B-979A-AAB992D05B7B} = {23EB12F1-B9E3-4541-A593-718DB9AE0521}
		{D3D11109-96D0-4629-88B8-122C0256058C} = {23EB12F1-B9E3-4541-A593-718DB9AE0521}
		{62BDC878-302D-4F89-87BC-2F8C7A105BC9} = {23EB12F1-B9E3-4541-A593-718DB9AE0521}
		{E41D2707-477A-4A1F-8D3E-65513F8B152E} = {A4223380-F27E-44C3-900F-1A57453B4A78}
		{39C69CEF-DC65-458C-840D-70EEB0D9DA61} = {A4223380-F27E-44C3-900F-1A57453B4A78}
		{B3610A5C-240C-4130-AE3B-F799F7CC5138} = {A4223380-F27E-44C3-900F-1A57453B4A78}
		{784B6933-144E-4EC1-A964-1166586E17E3} = {4653CDA1-AFC1-48AF-889F-B8FDBB7523EF}
		{E3FD9116-8B1A-496E-8416-B08587B70490} = {4653CDA1-AFC1-48AF-889F-B8FDBB7523EF}
		{A341D953-A88A-4CEE-9CE8-4F2CFE8725E2} = {8957A2B1-B671-4AF8-91E0-C748CCA94D90}
		{79E4EFE0-3417-4CCA-BF51-C29A651B432A} = {8957A2B1-B671-4AF8-91E0-C748CCA94D90}
		{9624027E-A0AC-4476-AD38-1E741C23210A} = {8957A2B1-B671-4AF8-91E0-C748CCA94D90}
		{AB5D8516-8DD7-410C-9B07-324293F1232D} = {206FEF8D-A51E-4661-929A-49253DFD5FFF}
		{A3F95D0E-8DCA-44D4-884F-95AB2EF3BFC0} = {DA56A47D-90B1-4C3D-8B91-039C41A7A0AB}
		{21118B05-66BF-422A-A492-70913E756300} = {887D672E-6E8C-4B2B-8531-B1B160538CDD}
		{CA3E2F39-699D-4294-A6DE-D7ADB9DDA18A} = {D41EFF73-7612-46C1-941D-3D82C888EC18}
		{FCB49517-D33C-465E-91D7-C1E146E091C5} = {D41EFF73-7612-46C1-941D-3D82C888EC18}
		{511E582C-5B10-436F-8B77-FEAECD5D0F91} = {CA3E2F39-699D-4294-A6DE-D7ADB9DDA18A}
		{0AF209CF-24D2-4E23-9BFA-1CD48BE7B4BD} = {CA3E2F39-699D-4294-A6DE-D7ADB9DDA18A}
	EndGlobalSection
EndGlobal
