<?xml version="1.0" encoding="utf-8"?>
<Project ToolsVersion="4.0" xmlns="http://schemas.microsoft.com/developer/msbuild/2003">
  <ItemGroup>
    <Filter Include="Source Files">
      <UniqueIdentifier>{4FC737F1-C7A5-4376-A066-2A32D752A2FF}</UniqueIdentifier>
      <Extensions>cpp;c;cc;cxx;def;odl;idl;hpj;bat;asm;asmx</Extensions>
    </Filter>
    <Filter Include="Header Files">
      <UniqueIdentifier>{93995380-89BD-4b04-88EB-625FBE52EBFB}</UniqueIdentifier>
      <Extensions>h;hpp;hxx;hm;inl;inc;xsd</Extensions>
    </Filter>
    <Filter Include="Resource Files">
      <UniqueIdentifier>{67DA6AB6-F800-4c08-8B7A-83BB121AAD01}</UniqueIdentifier>
      <Extensions>rc;ico;cur;bmp;dlg;rc2;rct;bin;rgs;gif;jpg;jpeg;jpe;resx;tiff;tif;png;wav;mfcribbon-ms</Extensions>
    </Filter>
    <Filter Include="Header Files\solver">
      <UniqueIdentifier>{d6c06abb-152b-43a3-ac62-07c7f773b20d}</UniqueIdentifier>
    </Filter>
    <Filter Include="Source Files\utils">
      <UniqueIdentifier>{e65fc776-a8b7-4259-9d71-4814d514af21}</UniqueIdentifier>
    </Filter>
    <Filter Include="Header Files\utils">
      <UniqueIdentifier>{ebe274f1-2f24-4a35-9821-7e0848365962}</UniqueIdentifier>
    </Filter>
    <Filter Include="Source Files\solver">
      <UniqueIdentifier>{d2dd98e2-6237-46ad-b506-983d478ac46a}</UniqueIdentifier>
    </Filter>
    <Filter Include="Header Files\tests">
      <UniqueIdentifier>{3be136fc-29f5-4975-b5bd-097e73856726}</UniqueIdentifier>
    </Filter>
    <Filter Include="Source Files\tests">
      <UniqueIdentifier>{f6ec8400-7c02-4add-a18c-36871efa908f}</UniqueIdentifier>
    </Filter>
  </ItemGroup>
  <ItemGroup>
    <ClCompile Include="main.cpp">
      <Filter>Source Files</Filter>
    </ClCompile>
    <ClCompile Include="amp_menu.cpp">
      <Filter>Source Files\utils</Filter>
    </ClCompile>
    <ClCompile Include="cmd_line_menu.cpp">
      <Filter>Source Files\utils</Filter>
    </ClCompile>
    <ClCompile Include="helper_functions.cpp">
      <Filter>Source Files\utils</Filter>
    </ClCompile>
    <ClCompile Include="loader.cpp">
      <Filter>Source Files\utils</Filter>
    </ClCompile>
    <ClCompile Include="problem.cpp">
      <Filter>Source Files\utils</Filter>
    </ClCompile>
    <ClCompile Include="TspSolver.cpp">
      <Filter>Source Files\solver</Filter>
    </ClCompile>
    <ClCompile Include="timer.cpp">
      <Filter>Source Files\utils</Filter>
    </ClCompile>
    <ClCompile Include="TspOptions.cpp">
      <Filter>Source Files\solver</Filter>
    </ClCompile>
    <ClCompile Include="TspRunner.cpp">
      <Filter>Source Files\solver</Filter>
    </ClCompile>
    <ClCompile Include="TspUtils.cpp">
      <Filter>Source Files\solver</Filter>
    </ClCompile>
    <ClCompile Include="TspFloydSolver.cpp">
      <Filter>Source Files\solver</Filter>
    </ClCompile>
    <ClCompile Include="TspFindMinimum.cpp">
      <Filter>Source Files\solver</Filter>
    </ClCompile>
    <ClCompile Include="TspTests.cpp">
      <Filter>Source Files\tests</Filter>
    </ClCompile>
    <ClCompile Include="Tsp2OptSolver.cpp">
      <Filter>Source Files\solver</Filter>
    </ClCompile>
    <ClCompile Include="TspNearestNeighbor.cpp">
      <Filter>Source Files\solver</Filter>
    </ClCompile>
    <ClCompile Include="TspGASolver.cpp">
      <Filter>Source Files\solver</Filter>
    </ClCompile>
  </ItemGroup>
  <ItemGroup>
    <ClInclude Include="amp_menu.hpp">
      <Filter>Header Files\utils</Filter>
    </ClInclude>
    <ClInclude Include="amp_bit_array.hpp">
      <Filter>Header Files\utils</Filter>
    </ClInclude>
    <ClInclude Include="cmd_line_menu.hpp">
      <Filter>Header Files\utils</Filter>
    </ClInclude>
    <ClInclude Include="exception_classes.hpp">
      <Filter>Header Files\utils</Filter>
    </ClInclude>
    <ClInclude Include="helper_functions.hpp">
      <Filter>Header Files\utils</Filter>
    </ClInclude>
    <ClInclude Include="init_structs.hpp">
      <Filter>Header Files\utils</Filter>
    </ClInclude>
    <ClInclude Include="pattern_matcher.hpp">
      <Filter>Header Files\utils</Filter>
    </ClInclude>
    <ClInclude Include="solver.hpp">
      <Filter>Header Files\solver</Filter>
    </ClInclude>
    <ClInclude Include="TspSolver.hpp">
      <Filter>Header Files\solver</Filter>
    </ClInclude>
    <ClInclude Include="TspOptions.hpp">
      <Filter>Header Files\solver</Filter>
    </ClInclude>
    <ClInclude Include="timer.hpp">
      <Filter>Header Files\utils</Filter>
    </ClInclude>
    <ClInclude Include="TspRunner.hpp">
      <Filter>Header Files\solver</Filter>
    </ClInclude>
    <ClInclude Include="loader.hpp">
      <Filter>Header Files\solver</Filter>
    </ClInclude>
    <ClInclude Include="problem.hpp">
      <Filter>Header Files\solver</Filter>
    </ClInclude>
    <ClInclude Include="TspUtils.hpp">
      <Filter>Header Files\solver</Filter>
    </ClInclude>
    <ClInclude Include="TspFloydSolver.hpp">
      <Filter>Header Files\solver</Filter>
    </ClInclude>
    <ClInclude Include="TspFindMinimum.hpp">
      <Filter>Header Files\solver</Filter>
    </ClInclude>
    <ClInclude Include="TspTests.hpp">
      <Filter>Header Files\tests</Filter>
    </ClInclude>
    <ClInclude Include="Tsp2OptSolver.hpp">
      <Filter>Header Files\solver</Filter>
    </ClInclude>
    <ClInclude Include="TspNearestNeighbor.hpp">
      <Filter>Header Files\solver</Filter>
    </ClInclude>
    <ClInclude Include="TspGASolver.hpp">
      <Filter>Header Files\solver</Filter>
    </ClInclude>
  </ItemGroup>
  <ItemGroup>
    <Text Include="MIT-LICENSE.txt">
      <Filter>Resource Files</Filter>
    </Text>
    <Text Include="README.txt">
      <Filter>Resource Files</Filter>
    </Text>
  </ItemGroup>
</Project>