
Microsoft Visual Studio Solution File, Format Version 12.00
# Visual Studio 11
Project("{8BC9CEB8-8B4A-11D0-8D11-00A0C91BC942}") = "generic_kernels", "generic_kernels\generic_kernels.vcxproj", "{784B6933-144E-4EC1-A964-1166586E17E3}"
EndProject
Project("{8BC9CEB8-8B4A-11D0-8D11-00A0C91BC942}") = "generic_kernels_test", "generic_kernels_test\generic_kernels_test.vcxproj", "{E3FD9116-8B1A-496E-8416-B08587B70490}"
	ProjectSection(ProjectDependencies) = postProject
		{784B6933-144E-4EC1-A964-1166586E17E3} = {784B6933-144E-4EC1-A964-1166586E17E3}
	EndProjectSection
EndProject
Global
	GlobalSection(SolutionConfigurationPlatforms) = preSolution
		Debug|Win32 = Debug|Win32
		Debug|x64 = Debug|x64
		Release|Win32 = Release|Win32
		Release|x64 = Release|x64
	EndGlobalSection
	GlobalSection(ProjectConfigurationPlatforms) = postSolution
		{784B6933-144E-4EC1-A964-1166586E17E3}.Debug|Win32.ActiveCfg = Debug|Win32
		{784B6933-144E-4EC1-A964-1166586E17E3}.Debug|Win32.Build.0 = Debug|Win32
		{784B6933-144E-4EC1-A964-1166586E17E3}.Debug|x64.ActiveCfg = Debug|x64
		{784B6933-144E-4EC1-A964-1166586E17E3}.Debug|x64.Build.0 = Debug|x64
		{784B6933-144E-4EC1-A964-1166586E17E3}.Release|Win32.ActiveCfg = Release|Win32
		{784B6933-144E-4EC1-A964-1166586E17E3}.Release|Win32.Build.0 = Release|Win32
		{784B6933-144E-4EC1-A964-1166586E17E3}.Release|x64.ActiveCfg = Release|x64
		{784B6933-144E-4EC1-A964-1166586E17E3}.Release|x64.Build.0 = Release|x64
		{E3FD9116-8B1A-496E-8416-B08587B70490}.Debug|Win32.ActiveCfg = Debug|Win32
		{E3FD9116-8B1A-496E-8416-B08587B70490}.Debug|Win32.Build.0 = Debug|Win32
		{E3FD9116-8B1A-496E-8416-B08587B70490}.Debug|x64.ActiveCfg = Debug|x64
		{E3FD9116-8B1A-496E-8416-B08587B70490}.Debug|x64.Build.0 = Debug|x64
		{E3FD9116-8B1A-496E-8416-B08587B70490}.Release|Win32.ActiveCfg = Release|Win32
		{E3FD9116-8B1A-496E-8416-B08587B70490}.Release|Win32.Build.0 = Release|Win32
		{E3FD9116-8B1A-496E-8416-B08587B70490}.Release|x64.ActiveCfg = Release|x64
		{E3FD9116-8B1A-496E-8416-B08587B70490}.Release|x64.Build.0 = Release|x64
	EndGlobalSection
	GlobalSection(SolutionProperties) = preSolution
		HideSolutionNode = FALSE
	EndGlobalSection
EndGlobal
